// !$*UTF8*$!
{
	archiveVersion = 1;
	classes = {
	};
	objectVersion = 77;
	objects = {

/* Begin PBXBuildFile section */
		08DB741A2DF82926007D80CB /* EntryPoint.swift in Sources */ = {isa = PBXBuildFile; fileRef = 08DB74162DF82926007D80CB /* EntryPoint.swift */; };
		08DB741C2DF8296F007D80CB /* Assets.xcassets in Resources */ = {isa = PBXBuildFile; fileRef = 08DB741B2DF8296F007D80CB /* Assets.xcassets */; };
		7E5E88612E6707D000F64A0F /* UIDevice+Shake.swift in Sources */ = {isa = PBXBuildFile; fileRef = 7E5E88602E6707D000F64A0F /* UIDevice+Shake.swift */; };
		7EA038F42E7AD0FB00972721 /* Dependencies in Frameworks */ = {isa = PBXBuildFile; productRef = 7EA038F32E7AD0FB00972721 /* Dependencies */; };
		7EA038F62E7AD0FB00972721 /* DependenciesMacros in Frameworks */ = {isa = PBXBuildFile; productRef = 7EA038F52E7AD0FB00972721 /* DependenciesMacros */; };
		7EA038F82E7AD0FB00972721 /* DependenciesTestSupport in Frameworks */ = {isa = PBXBuildFile; productRef = 7EA038F72E7AD0FB00972721 /* DependenciesTestSupport */; };
		7EA038FA2E7AE04A00972721 /* RestEndpoint+Raw.swift in Sources */ = {isa = PBXBuildFile; fileRef = 7EA038F92E7AE04A00972721 /* RestEndpoint+Raw.swift */; };
		7ECC3F942E65CF8D0014E97E /* Product.swift in Sources */ = {isa = PBXBuildFile; fileRef = 7ECC3F922E65CF8D0014E97E /* Product.swift */; };
		7ECC3F952E65CF8D0014E97E /* OtherModels.swift in Sources */ = {isa = PBXBuildFile; fileRef = 7ECC3F912E65CF8D0014E97E /* OtherModels.swift */; };
		7ECC3F962E65CF8D0014E97E /* Car.swift in Sources */ = {isa = PBXBuildFile; fileRef = 7ECC3F902E65CF8D0014E97E /* Car.swift */; };
		7ECC3F972E65CF8D0014E97E /* User.swift in Sources */ = {isa = PBXBuildFile; fileRef = 7ECC3F932E65CF8D0014E97E /* User.swift */; };
		7ECC3F982E65CF8D0014E97E /* Achievement.swift in Sources */ = {isa = PBXBuildFile; fileRef = 7ECC3F8F2E65CF8D0014E97E /* Achievement.swift */; };
		7ECC3FA02E65CF8D0014E97E /* AnimationSystem.swift in Sources */ = {isa = PBXBuildFile; fileRef = 7ECC3F992E65CF8D0014E97E /* AnimationSystem.swift */; };
		7ECC3FA12E65CF8D0014E97E /* AppConfig.swift in Sources */ = {isa = PBXBuildFile; fileRef = 7ECC3F9A2E65CF8D0014E97E /* AppConfig.swift */; };
		7ECC3FA22E65CF8D0014E97E /* DemoDataLoader.swift in Sources */ = {isa = PBXBuildFile; fileRef = 7ECC3F9B2E65CF8D0014E97E /* DemoDataLoader.swift */; };
		7ECC3FA32E65CF8D0014E97E /* DesignSystem.swift in Sources */ = {isa = PBXBuildFile; fileRef = 7ECC3F9C2E65CF8D0014E97E /* DesignSystem.swift */; };
		7ECC3FA42E65CF8D0014E97E /* Extensions.swift in Sources */ = {isa = PBXBuildFile; fileRef = 7ECC3F9D2E65CF8D0014E97E /* Extensions.swift */; };
		7ECC3FA52E65CF8D0014E97E /* QRCodeParser.swift in Sources */ = {isa = PBXBuildFile; fileRef = 7ECC3F9E2E65CF8D0014E97E /* QRCodeParser.swift */; };
		7ECC3FA62E65CF8D0014E97E /* SearchManager.swift in Sources */ = {isa = PBXBuildFile; fileRef = 7ECC3F9F2E65CF8D0014E97E /* SearchManager.swift */; };
		7ECC3FAC2E65CF8D0014E97E /* ImageCacheService.swift in Sources */ = {isa = PBXBuildFile; fileRef = 7ECC3FA82E65CF8D0014E97E /* ImageCacheService.swift */; };
		7ECC3FAD2E65CF8D0014E97E /* ToastService.swift in Sources */ = {isa = PBXBuildFile; fileRef = 7ECC3FAB2E65CF8D0014E97E /* ToastService.swift */; };
		7ECC3FAE2E65CF8D0014E97E /* HapticService.swift in Sources */ = {isa = PBXBuildFile; fileRef = 7ECC3FA72E65CF8D0014E97E /* HapticService.swift */; };
		7ECC3FAF2E65CF8D0014E97E /* QRScannerService.swift in Sources */ = {isa = PBXBuildFile; fileRef = 7ECC3FAA2E65CF8D0014E97E /* QRScannerService.swift */; };
		7ECC3FB02E65CF8D0014E97E /* NotificationService.swift in Sources */ = {isa = PBXBuildFile; fileRef = 7ECC3FA92E65CF8D0014E97E /* NotificationService.swift */; };
		7ECC3FE02E65CF8D0014E97E /* AuthViewModel.swift in Sources */ = {isa = PBXBuildFile; fileRef = 7ECC3FDB2E65CF8D0014E97E /* AuthViewModel.swift */; };
		7ECC3FE12E65CF8D0014E97E /* NetworkManager.swift in Sources */ = {isa = PBXBuildFile; fileRef = 7ECC3FDF2E65CF8D0014E97E /* NetworkManager.swift */; };
		7ECC3FE22E65CF8D0014E97E /* NetworkComponents.swift in Sources */ = {isa = PBXBuildFile; fileRef = 7ECC3FDE2E65CF8D0014E97E /* NetworkComponents.swift */; };
		7ECC3FE32E65CF8D0014E97E /* CollectionState.swift in Sources */ = {isa = PBXBuildFile; fileRef = 7ECC3FDC2E65CF8D0014E97E /* CollectionState.swift */; };
		7ECC3FE42E65CF8D0014E97E /* DataManager.swift in Sources */ = {isa = PBXBuildFile; fileRef = 7ECC3FDD2E65CF8D0014E97E /* DataManager.swift */; };
		7ECC3FEA2E66280A0014E97E /* Endpoint in Frameworks */ = {isa = PBXBuildFile; productRef = 7ECC3FE92E66280A0014E97E /* Endpoint */; };
		7ECC3FEC2E66280A0014E97E /* EndpointUI in Frameworks */ = {isa = PBXBuildFile; productRef = 7ECC3FEB2E66280A0014E97E /* EndpointUI */; };
		7ECC3FEF2E6628260014E97E /* SwiftUIComponents in Frameworks */ = {isa = PBXBuildFile; productRef = 7ECC3FEE2E6628260014E97E /* SwiftUIComponents */; };
		7ECC40082E6628E90014E97E /* CommonViews.swift in Sources */ = {isa = PBXBuildFile; fileRef = 7ECC3FF92E6628E90014E97E /* CommonViews.swift */; };
		7ECC40092E6628E90014E97E /* DesignComponents.swift in Sources */ = {isa = PBXBuildFile; fileRef = 7ECC3FFA2E6628E90014E97E /* DesignComponents.swift */; };
		7ECC400A2E6628E90014E97E /* NewsDetailView.swift in Sources */ = {isa = PBXBuildFile; fileRef = 7ECC3FFB2E6628E90014E97E /* NewsDetailView.swift */; };
		7ECC400B2E6628E90014E97E /* AdminContentViews.swift in Sources */ = {isa = PBXBuildFile; fileRef = 7ECC3FF12E6628E90014E97E /* AdminContentViews.swift */; };
		7ECC400C2E6628E90014E97E /* SupportViews.swift in Sources */ = {isa = PBXBuildFile; fileRef = 7ECC3FFC2E6628E90014E97E /* SupportViews.swift */; };
		7ECC400D2E6628E90014E97E /* AdminMainView.swift in Sources */ = {isa = PBXBuildFile; fileRef = 7ECC3FF22E6628E90014E97E /* AdminMainView.swift */; };
		7ECC400E2E6628E90014E97E /* AdminManagementViews.swift in Sources */ = {isa = PBXBuildFile; fileRef = 7ECC3FF32E6628E90014E97E /* AdminManagementViews.swift */; };
		7ECC400F2E6628E90014E97E /* CarTinderView.swift in Sources */ = {isa = PBXBuildFile; fileRef = 7ECC40012E6628E90014E97E /* CarTinderView.swift */; };
		7ECC40102E6628E90014E97E /* AdminSystemViews.swift in Sources */ = {isa = PBXBuildFile; fileRef = 7ECC3FF42E6628E90014E97E /* AdminSystemViews.swift */; };
		7ECC40112E6628E90014E97E /* CatalogView.swift in Sources */ = {isa = PBXBuildFile; fileRef = 7ECC40022E6628E90014E97E /* CatalogView.swift */; };
		7ECC40122E6628E90014E97E /* ModerationView.swift in Sources */ = {isa = PBXBuildFile; fileRef = 7ECC3FF52E6628E90014E97E /* ModerationView.swift */; };
		7ECC40132E6628E90014E97E /* MainTabView.swift in Sources */ = {isa = PBXBuildFile; fileRef = 7ECC40032E6628E90014E97E /* MainTabView.swift */; };
		7ECC40142E6628E90014E97E /* UserManagementView.swift in Sources */ = {isa = PBXBuildFile; fileRef = 7ECC3FF62E6628E90014E97E /* UserManagementView.swift */; };
		7ECC40152E6628E90014E97E /* ProfileView.swift in Sources */ = {isa = PBXBuildFile; fileRef = 7ECC40042E6628E90014E97E /* ProfileView.swift */; };
		7ECC40162E6628E90014E97E /* QRScannerMainView.swift in Sources */ = {isa = PBXBuildFile; fileRef = 7ECC40052E6628E90014E97E /* QRScannerMainView.swift */; };
		7ECC40172E6628E90014E97E /* AuthFlowView.swift in Sources */ = {isa = PBXBuildFile; fileRef = 7ECC3FFE2E6628E90014E97E /* AuthFlowView.swift */; };
		7ECC40182E6628E90014E97E /* StatsView.swift in Sources */ = {isa = PBXBuildFile; fileRef = 7ECC40062E6628E90014E97E /* StatsView.swift */; };
		7ECC40192E6628E90014E97E /* LoginView.swift in Sources */ = {isa = PBXBuildFile; fileRef = 7ECC3FFF2E6628E90014E97E /* LoginView.swift */; };
		7ECC401A2E6628E90014E97E /* AboutView.swift in Sources */ = {isa = PBXBuildFile; fileRef = 7ECC3FF82E6628E90014E97E /* AboutView.swift */; };
		7ECC40232E66D8150014E97E /* Main.swift in Sources */ = {isa = PBXBuildFile; fileRef = 7ECC40222E66D8150014E97E /* Main.swift */; };
		7ECC40252E66D8370014E97E /* Main+Router.swift in Sources */ = {isa = PBXBuildFile; fileRef = 7ECC40242E66D8370014E97E /* Main+Router.swift */; };
		7ECC40272E66FBD80014E97E /* MainView.swift in Sources */ = {isa = PBXBuildFile; fileRef = 7ECC40262E66FBD80014E97E /* MainView.swift */; };
		7ECC402F2E6700E70014E97E /* RestEndpoint.swift in Sources */ = {isa = PBXBuildFile; fileRef = 7ECC402E2E6700E70014E97E /* RestEndpoint.swift */; };
		7ED1439F2E6740F1003BE287 /* Endpoint+Dependencies.swift in Sources */ = {isa = PBXBuildFile; fileRef = 7ED1439E2E6740F1003BE287 /* Endpoint+Dependencies.swift */; };
/* End PBXBuildFile section */

/* Begin PBXFileReference section */
		08526C2B2E0B219000D1751F /* APIModels.swift */ = {isa = PBXFileReference; lastKnownFileType = sourcecode.swift; path = APIModels.swift; sourceTree = "<group>"; };
		08526C2C2E0B21BC00D1751F /* TokenManager.swift */ = {isa = PBXFileReference; lastKnownFileType = sourcecode.swift; path = TokenManager.swift; sourceTree = "<group>"; };
		08526C2F2E0B2B1A00D1751F /* NetworkStatusView.swift */ = {isa = PBXFileReference; lastKnownFileType = sourcecode.swift; path = NetworkStatusView.swift; sourceTree = "<group>"; };
		08526C362E0B32A700D1751F /* NetworkComponents 2.swift */ = {isa = PBXFileReference; lastKnownFileType = sourcecode.swift; path = "NetworkComponents 2.swift"; sourceTree = "<group>"; };
		08526C372E0B32FD00D1751F /* DateExtensions.swift */ = {isa = PBXFileReference; lastKnownFileType = sourcecode.swift; path = DateExtensions.swift; sourceTree = "<group>"; };
		08DB73C32DF6CC1B007D80CB /* Application.app */ = {isa = PBXFileReference; explicitFileType = wrapper.application; includeInIndex = 0; path = Application.app; sourceTree = BUILT_PRODUCTS_DIR; };
		08DB74162DF82926007D80CB /* EntryPoint.swift */ = {isa = PBXFileReference; lastKnownFileType = sourcecode.swift; path = EntryPoint.swift; sourceTree = "<group>"; };
		08DB741B2DF8296F007D80CB /* Assets.xcassets */ = {isa = PBXFileReference; lastKnownFileType = folder.assetcatalog; path = Assets.xcassets; sourceTree = "<group>"; };
		7E5E88602E6707D000F64A0F /* UIDevice+Shake.swift */ = {isa = PBXFileReference; lastKnownFileType = sourcecode.swift; path = "UIDevice+Shake.swift"; sourceTree = "<group>"; };
		7EA038F92E7AE04A00972721 /* RestEndpoint+Raw.swift */ = {isa = PBXFileReference; lastKnownFileType = sourcecode.swift; path = "RestEndpoint+Raw.swift"; sourceTree = "<group>"; };
		7ECC3F372E65CEEF0014E97E /* README.md */ = {isa = PBXFileReference; lastKnownFileType = net.daringfireball.markdown; path = README.md; sourceTree = "<group>"; };
		7ECC3F382E65CEFD0014E97E /* BACKEND_SETUP.md */ = {isa = PBXFileReference; lastKnownFileType = net.daringfireball.markdown; path = BACKEND_SETUP.md; sourceTree = "<group>"; };
		7ECC3F8F2E65CF8D0014E97E /* Achievement.swift */ = {isa = PBXFileReference; lastKnownFileType = sourcecode.swift; path = Achievement.swift; sourceTree = "<group>"; };
		7ECC3F902E65CF8D0014E97E /* Car.swift */ = {isa = PBXFileReference; lastKnownFileType = sourcecode.swift; path = Car.swift; sourceTree = "<group>"; };
		7ECC3F912E65CF8D0014E97E /* OtherModels.swift */ = {isa = PBXFileReference; lastKnownFileType = sourcecode.swift; path = OtherModels.swift; sourceTree = "<group>"; };
		7ECC3F922E65CF8D0014E97E /* Product.swift */ = {isa = PBXFileReference; lastKnownFileType = sourcecode.swift; path = Product.swift; sourceTree = "<group>"; };
		7ECC3F932E65CF8D0014E97E /* User.swift */ = {isa = PBXFileReference; lastKnownFileType = sourcecode.swift; path = User.swift; sourceTree = "<group>"; };
		7ECC3F992E65CF8D0014E97E /* AnimationSystem.swift */ = {isa = PBXFileReference; lastKnownFileType = sourcecode.swift; path = AnimationSystem.swift; sourceTree = "<group>"; };
		7ECC3F9A2E65CF8D0014E97E /* AppConfig.swift */ = {isa = PBXFileReference; lastKnownFileType = sourcecode.swift; path = AppConfig.swift; sourceTree = "<group>"; };
		7ECC3F9B2E65CF8D0014E97E /* DemoDataLoader.swift */ = {isa = PBXFileReference; lastKnownFileType = sourcecode.swift; path = DemoDataLoader.swift; sourceTree = "<group>"; };
		7ECC3F9C2E65CF8D0014E97E /* DesignSystem.swift */ = {isa = PBXFileReference; lastKnownFileType = sourcecode.swift; path = DesignSystem.swift; sourceTree = "<group>"; };
		7ECC3F9D2E65CF8D0014E97E /* Extensions.swift */ = {isa = PBXFileReference; lastKnownFileType = sourcecode.swift; path = Extensions.swift; sourceTree = "<group>"; };
		7ECC3F9E2E65CF8D0014E97E /* QRCodeParser.swift */ = {isa = PBXFileReference; lastKnownFileType = sourcecode.swift; path = QRCodeParser.swift; sourceTree = "<group>"; };
		7ECC3F9F2E65CF8D0014E97E /* SearchManager.swift */ = {isa = PBXFileReference; lastKnownFileType = sourcecode.swift; path = SearchManager.swift; sourceTree = "<group>"; };
		7ECC3FA72E65CF8D0014E97E /* HapticService.swift */ = {isa = PBXFileReference; lastKnownFileType = sourcecode.swift; path = HapticService.swift; sourceTree = "<group>"; };
		7ECC3FA82E65CF8D0014E97E /* ImageCacheService.swift */ = {isa = PBXFileReference; lastKnownFileType = sourcecode.swift; path = ImageCacheService.swift; sourceTree = "<group>"; };
		7ECC3FA92E65CF8D0014E97E /* NotificationService.swift */ = {isa = PBXFileReference; lastKnownFileType = sourcecode.swift; path = NotificationService.swift; sourceTree = "<group>"; };
		7ECC3FAA2E65CF8D0014E97E /* QRScannerService.swift */ = {isa = PBXFileReference; lastKnownFileType = sourcecode.swift; path = QRScannerService.swift; sourceTree = "<group>"; };
		7ECC3FAB2E65CF8D0014E97E /* ToastService.swift */ = {isa = PBXFileReference; lastKnownFileType = sourcecode.swift; path = ToastService.swift; sourceTree = "<group>"; };
		7ECC3FDB2E65CF8D0014E97E /* AuthViewModel.swift */ = {isa = PBXFileReference; lastKnownFileType = sourcecode.swift; path = AuthViewModel.swift; sourceTree = "<group>"; };
		7ECC3FDC2E65CF8D0014E97E /* CollectionState.swift */ = {isa = PBXFileReference; lastKnownFileType = sourcecode.swift; path = CollectionState.swift; sourceTree = "<group>"; };
		7ECC3FDD2E65CF8D0014E97E /* DataManager.swift */ = {isa = PBXFileReference; lastKnownFileType = sourcecode.swift; path = DataManager.swift; sourceTree = "<group>"; };
		7ECC3FDE2E65CF8D0014E97E /* NetworkComponents.swift */ = {isa = PBXFileReference; lastKnownFileType = sourcecode.swift; path = NetworkComponents.swift; sourceTree = "<group>"; };
		7ECC3FDF2E65CF8D0014E97E /* NetworkManager.swift */ = {isa = PBXFileReference; lastKnownFileType = sourcecode.swift; path = NetworkManager.swift; sourceTree = "<group>"; };
		7ECC3FF12E6628E90014E97E /* AdminContentViews.swift */ = {isa = PBXFileReference; lastKnownFileType = sourcecode.swift; path = AdminContentViews.swift; sourceTree = "<group>"; };
		7ECC3FF22E6628E90014E97E /* AdminMainView.swift */ = {isa = PBXFileReference; lastKnownFileType = sourcecode.swift; path = AdminMainView.swift; sourceTree = "<group>"; };
		7ECC3FF32E6628E90014E97E /* AdminManagementViews.swift */ = {isa = PBXFileReference; lastKnownFileType = sourcecode.swift; path = AdminManagementViews.swift; sourceTree = "<group>"; };
		7ECC3FF42E6628E90014E97E /* AdminSystemViews.swift */ = {isa = PBXFileReference; lastKnownFileType = sourcecode.swift; path = AdminSystemViews.swift; sourceTree = "<group>"; };
		7ECC3FF52E6628E90014E97E /* ModerationView.swift */ = {isa = PBXFileReference; lastKnownFileType = sourcecode.swift; path = ModerationView.swift; sourceTree = "<group>"; };
		7ECC3FF62E6628E90014E97E /* UserManagementView.swift */ = {isa = PBXFileReference; lastKnownFileType = sourcecode.swift; path = UserManagementView.swift; sourceTree = "<group>"; };
		7ECC3FF82E6628E90014E97E /* AboutView.swift */ = {isa = PBXFileReference; lastKnownFileType = sourcecode.swift; path = AboutView.swift; sourceTree = "<group>"; };
		7ECC3FF92E6628E90014E97E /* CommonViews.swift */ = {isa = PBXFileReference; lastKnownFileType = sourcecode.swift; path = CommonViews.swift; sourceTree = "<group>"; };
		7ECC3FFA2E6628E90014E97E /* DesignComponents.swift */ = {isa = PBXFileReference; lastKnownFileType = sourcecode.swift; path = DesignComponents.swift; sourceTree = "<group>"; };
		7ECC3FFB2E6628E90014E97E /* NewsDetailView.swift */ = {isa = PBXFileReference; lastKnownFileType = sourcecode.swift; path = NewsDetailView.swift; sourceTree = "<group>"; };
		7ECC3FFC2E6628E90014E97E /* SupportViews.swift */ = {isa = PBXFileReference; lastKnownFileType = sourcecode.swift; path = SupportViews.swift; sourceTree = "<group>"; };
		7ECC3FFE2E6628E90014E97E /* AuthFlowView.swift */ = {isa = PBXFileReference; lastKnownFileType = sourcecode.swift; path = AuthFlowView.swift; sourceTree = "<group>"; };
		7ECC3FFF2E6628E90014E97E /* LoginView.swift */ = {isa = PBXFileReference; lastKnownFileType = sourcecode.swift; path = LoginView.swift; sourceTree = "<group>"; };
		7ECC40012E6628E90014E97E /* CarTinderView.swift */ = {isa = PBXFileReference; lastKnownFileType = sourcecode.swift; path = CarTinderView.swift; sourceTree = "<group>"; };
		7ECC40022E6628E90014E97E /* CatalogView.swift */ = {isa = PBXFileReference; lastKnownFileType = sourcecode.swift; path = CatalogView.swift; sourceTree = "<group>"; };
		7ECC40032E6628E90014E97E /* MainTabView.swift */ = {isa = PBXFileReference; lastKnownFileType = sourcecode.swift; path = MainTabView.swift; sourceTree = "<group>"; };
		7ECC40042E6628E90014E97E /* ProfileView.swift */ = {isa = PBXFileReference; lastKnownFileType = sourcecode.swift; path = ProfileView.swift; sourceTree = "<group>"; };
		7ECC40052E6628E90014E97E /* QRScannerMainView.swift */ = {isa = PBXFileReference; lastKnownFileType = sourcecode.swift; path = QRScannerMainView.swift; sourceTree = "<group>"; };
		7ECC40062E6628E90014E97E /* StatsView.swift */ = {isa = PBXFileReference; lastKnownFileType = sourcecode.swift; path = StatsView.swift; sourceTree = "<group>"; };
		7ECC40222E66D8150014E97E /* Main.swift */ = {isa = PBXFileReference; lastKnownFileType = sourcecode.swift; path = Main.swift; sourceTree = "<group>"; };
		7ECC40242E66D8370014E97E /* Main+Router.swift */ = {isa = PBXFileReference; lastKnownFileType = sourcecode.swift; path = "Main+Router.swift"; sourceTree = "<group>"; };
		7ECC40262E66FBD80014E97E /* MainView.swift */ = {isa = PBXFileReference; lastKnownFileType = sourcecode.swift; path = MainView.swift; sourceTree = "<group>"; };
		7ECC402E2E6700E70014E97E /* RestEndpoint.swift */ = {isa = PBXFileReference; lastKnownFileType = sourcecode.swift; path = RestEndpoint.swift; sourceTree = "<group>"; };
		7ED1439E2E6740F1003BE287 /* Endpoint+Dependencies.swift */ = {isa = PBXFileReference; lastKnownFileType = sourcecode.swift; path = "Endpoint+Dependencies.swift"; sourceTree = "<group>"; };
/* End PBXFileReference section */

/* Begin PBXFrameworksBuildPhase section */
		08DB73C02DF6CC1B007D80CB /* Frameworks */ = {
			isa = PBXFrameworksBuildPhase;
			buildActionMask = 2147483647;
			files = (
				7ECC3FEA2E66280A0014E97E /* Endpoint in Frameworks */,
				7ECC3FEC2E66280A0014E97E /* EndpointUI in Frameworks */,
				7EA038F62E7AD0FB00972721 /* DependenciesMacros in Frameworks */,
				7ECC3FEF2E6628260014E97E /* SwiftUIComponents in Frameworks */,
				7EA038F42E7AD0FB00972721 /* Dependencies in Frameworks */,
				7EA038F82E7AD0FB00972721 /* DependenciesTestSupport in Frameworks */,
			);
			runOnlyForDeploymentPostprocessing = 0;
		};
/* End PBXFrameworksBuildPhase section */

/* Begin PBXGroup section */
		08526C2A2E0B218000D1751F /* Network */ = {
			isa = PBXGroup;
			children = (
				7ECC402E2E6700E70014E97E /* RestEndpoint.swift */,
				7EA038F92E7AE04A00972721 /* RestEndpoint+Raw.swift */,
				08526C372E0B32FD00D1751F /* DateExtensions.swift */,
				08526C2B2E0B219000D1751F /* APIModels.swift */,
				08526C2C2E0B21BC00D1751F /* TokenManager.swift */,
				7ECC3FDF2E65CF8D0014E97E /* NetworkManager.swift */,
			);
			path = Network;
			sourceTree = "<group>";
		};
		08DB73BA2DF6CC1B007D80CB = {
			isa = PBXGroup;
			children = (
				7ECC3F382E65CEFD0014E97E /* BACKEND_SETUP.md */,
				7ECC3F372E65CEEF0014E97E /* README.md */,
				7ECC3F352E65CE700014E97E /* Resource */,
				7ECC3F362E65CE700014E97E /* Source */,
				08DB73C42DF6CC1B007D80CB /* Products */,
			);
			sourceTree = "<group>";
		};
		08DB73C42DF6CC1B007D80CB /* Products */ = {
			isa = PBXGroup;
			children = (
				08DB73C32DF6CC1B007D80CB /* Application.app */,
			);
			name = Products;
			sourceTree = "<group>";
		};
		7ECC3F352E65CE700014E97E /* Resource */ = {
			isa = PBXGroup;
			children = (
				08DB741B2DF8296F007D80CB /* Assets.xcassets */,
			);
			path = Resource;
			sourceTree = "<group>";
		};
		7ECC3F362E65CE700014E97E /* Source */ = {
			isa = PBXGroup;
			children = (
				7ECC3FF02E6628AC0014E97E /* Domain */,
				7ECC3FE72E65D0680014E97E /* Application */,
				7ECC3FE62E65D0550014E97E /* Backstage */,
				7ECC3FE52E65D03D0014E97E /* Entry Point */,
			);
			path = Source;
			sourceTree = "<group>";
		};
		7ECC3FE52E65D03D0014E97E /* Entry Point */ = {
			isa = PBXGroup;
			children = (
				7ED143A02E674141003BE287 /* Registry */,
				08DB74162DF82926007D80CB /* EntryPoint.swift */,
			);
			path = "Entry Point";
			sourceTree = "<group>";
		};
		7ECC3FE62E65D0550014E97E /* Backstage */ = {
			isa = PBXGroup;
			children = (
				7ECC40202E6629740014E97E /* Utilities */,
				7ECC401F2E6629650014E97E /* Services */,
				7ECC401E2E6629030014E97E /* SwiftUI */,
				08526C2A2E0B218000D1751F /* Network */,
			);
			path = Backstage;
			sourceTree = "<group>";
		};
		7ECC3FE72E65D0680014E97E /* Application */ = {
			isa = PBXGroup;
			children = (
				7ECC40282E66FCAE0014E97E /* Login */,
				7ECC40212E66D80C0014E97E /* Main */,
				7ECC40292E6700870014E97E /* Admin */,
				7ECC402A2E67009C0014E97E /* Common */,
				7ECC402B2E6700AC0014E97E /* User */,
			);
			path = Application;
			sourceTree = "<group>";
		};
		7ECC3FF02E6628AC0014E97E /* Domain */ = {
			isa = PBXGroup;
			children = (
				7ECC402C2E6700C30014E97E /* Entiry */,
			);
			path = Domain;
			sourceTree = "<group>";
		};
		7ECC401E2E6629030014E97E /* SwiftUI */ = {
			isa = PBXGroup;
			children = (
				08526C2F2E0B2B1A00D1751F /* NetworkStatusView.swift */,
				7ECC3FDE2E65CF8D0014E97E /* NetworkComponents.swift */,
				7ECC3F992E65CF8D0014E97E /* AnimationSystem.swift */,
				08526C362E0B32A700D1751F /* NetworkComponents 2.swift */,
			);
			path = SwiftUI;
			sourceTree = "<group>";
		};
		7ECC401F2E6629650014E97E /* Services */ = {
			isa = PBXGroup;
			children = (
				7ECC3FA72E65CF8D0014E97E /* HapticService.swift */,
				7ECC3FA82E65CF8D0014E97E /* ImageCacheService.swift */,
				7ECC3FA92E65CF8D0014E97E /* NotificationService.swift */,
				7ECC3FAA2E65CF8D0014E97E /* QRScannerService.swift */,
				7ECC3FAB2E65CF8D0014E97E /* ToastService.swift */,
			);
			path = Services;
			sourceTree = "<group>";
		};
		7ECC40202E6629740014E97E /* Utilities */ = {
			isa = PBXGroup;
			children = (
				7E5E88602E6707D000F64A0F /* UIDevice+Shake.swift */,
				7ECC3F9A2E65CF8D0014E97E /* AppConfig.swift */,
				7ECC3FDC2E65CF8D0014E97E /* CollectionState.swift */,
				7ECC3FDD2E65CF8D0014E97E /* DataManager.swift */,
				7ECC3F9B2E65CF8D0014E97E /* DemoDataLoader.swift */,
				7ECC3F9C2E65CF8D0014E97E /* DesignSystem.swift */,
				7ECC3F9D2E65CF8D0014E97E /* Extensions.swift */,
				7ECC3F9E2E65CF8D0014E97E /* QRCodeParser.swift */,
				7ECC3F9F2E65CF8D0014E97E /* SearchManager.swift */,
			);
			path = Utilities;
			sourceTree = "<group>";
		};
		7ECC40212E66D80C0014E97E /* Main */ = {
			isa = PBXGroup;
			children = (
				7ECC40222E66D8150014E97E /* Main.swift */,
				7ECC40242E66D8370014E97E /* Main+Router.swift */,
				7ECC40262E66FBD80014E97E /* MainView.swift */,
			);
			path = Main;
			sourceTree = "<group>";
		};
		7ECC40282E66FCAE0014E97E /* Login */ = {
			isa = PBXGroup;
			children = (
				7ECC3FFE2E6628E90014E97E /* AuthFlowView.swift */,
				7ECC3FDB2E65CF8D0014E97E /* AuthViewModel.swift */,
				7ECC3FFF2E6628E90014E97E /* LoginView.swift */,
			);
			path = Login;
			sourceTree = "<group>";
		};
		7ECC40292E6700870014E97E /* Admin */ = {
			isa = PBXGroup;
			children = (
				7ECC3FF12E6628E90014E97E /* AdminContentViews.swift */,
				7ECC3FF22E6628E90014E97E /* AdminMainView.swift */,
				7ECC3FF32E6628E90014E97E /* AdminManagementViews.swift */,
				7ECC3FF42E6628E90014E97E /* AdminSystemViews.swift */,
				7ECC3FF52E6628E90014E97E /* ModerationView.swift */,
				7ECC3FF62E6628E90014E97E /* UserManagementView.swift */,
			);
			path = Admin;
			sourceTree = "<group>";
		};
		7ECC402A2E67009C0014E97E /* Common */ = {
			isa = PBXGroup;
			children = (
				7ECC3FF82E6628E90014E97E /* AboutView.swift */,
				7ECC3FF92E6628E90014E97E /* CommonViews.swift */,
				7ECC3FFA2E6628E90014E97E /* DesignComponents.swift */,
				7ECC3FFB2E6628E90014E97E /* NewsDetailView.swift */,
				7ECC3FFC2E6628E90014E97E /* SupportViews.swift */,
			);
			path = Common;
			sourceTree = "<group>";
		};
		7ECC402B2E6700AC0014E97E /* User */ = {
			isa = PBXGroup;
			children = (
				7ECC40012E6628E90014E97E /* CarTinderView.swift */,
				7ECC40022E6628E90014E97E /* CatalogView.swift */,
				7ECC40032E6628E90014E97E /* MainTabView.swift */,
				7ECC40042E6628E90014E97E /* ProfileView.swift */,
				7ECC40052E6628E90014E97E /* QRScannerMainView.swift */,
				7ECC40062E6628E90014E97E /* StatsView.swift */,
			);
			path = User;
			sourceTree = "<group>";
		};
		7ECC402C2E6700C30014E97E /* Entiry */ = {
			isa = PBXGroup;
			children = (
				7ECC3F8F2E65CF8D0014E97E /* Achievement.swift */,
				7ECC3F902E65CF8D0014E97E /* Car.swift */,
				7ECC3F912E65CF8D0014E97E /* OtherModels.swift */,
				7ECC3F922E65CF8D0014E97E /* Product.swift */,
				7ECC3F932E65CF8D0014E97E /* User.swift */,
			);
			path = Entiry;
			sourceTree = "<group>";
		};
		7ED143A02E674141003BE287 /* Registry */ = {
			isa = PBXGroup;
			children = (
				7ED1439E2E6740F1003BE287 /* Endpoint+Dependencies.swift */,
			);
			path = Registry;
			sourceTree = "<group>";
		};
/* End PBXGroup section */

/* Begin PBXNativeTarget section */
		08DB73C22DF6CC1B007D80CB /* Application */ = {
			isa = PBXNativeTarget;
			buildConfigurationList = 08DB73E42DF6CC1D007D80CB /* Build configuration list for PBXNativeTarget "Application" */;
			buildPhases = (
				08DB73BF2DF6CC1B007D80CB /* Sources */,
				08DB73C02DF6CC1B007D80CB /* Frameworks */,
				08DB73C12DF6CC1B007D80CB /* Resources */,
			);
			buildRules = (
			);
			dependencies = (
			);
			name = Application;
			packageProductDependencies = (
				7ECC3FE92E66280A0014E97E /* Endpoint */,
				7ECC3FEB2E66280A0014E97E /* EndpointUI */,
				7ECC3FEE2E6628260014E97E /* SwiftUIComponents */,
				7EA038F32E7AD0FB00972721 /* Dependencies */,
				7EA038F52E7AD0FB00972721 /* DependenciesMacros */,
				7EA038F72E7AD0FB00972721 /* DependenciesTestSupport */,
			);
			productName = "NSP app";
			productReference = 08DB73C32DF6CC1B007D80CB /* Application.app */;
			productType = "com.apple.product-type.application";
		};
/* End PBXNativeTarget section */

/* Begin PBXProject section */
		08DB73BB2DF6CC1B007D80CB /* Project object */ = {
			isa = PBXProject;
			attributes = {
				BuildIndependentTargetsInParallel = 1;
				LastSwiftUpdateCheck = 1640;
				LastUpgradeCheck = 1640;
				TargetAttributes = {
					08DB73C22DF6CC1B007D80CB = {
						CreatedOnToolsVersion = 16.4;
					};
				};
			};
			buildConfigurationList = 08DB73BE2DF6CC1B007D80CB /* Build configuration list for PBXProject "NSP" */;
			developmentRegion = en;
			hasScannedForEncodings = 0;
			knownRegions = (
				en,
				Base,
			);
			mainGroup = 08DB73BA2DF6CC1B007D80CB;
			minimizedProjectReferenceProxies = 1;
			packageReferences = (
				7ECC3FE82E66280A0014E97E /* XCLocalSwiftPackageReference "Packages/swift-endpoint" */,
				7ECC3FED2E6628260014E97E /* XCLocalSwiftPackageReference "Packages/swift-components" */,
				7EA038F22E7AD0FB00972721 /* XCRemoteSwiftPackageReference "swift-dependencies" */,
			);
			preferredProjectObjectVersion = 77;
			productRefGroup = 08DB73C42DF6CC1B007D80CB /* Products */;
			projectDirPath = "";
			projectRoot = "";
			targets = (
				08DB73C22DF6CC1B007D80CB /* Application */,
			);
		};
/* End PBXProject section */

/* Begin PBXResourcesBuildPhase section */
		08DB73C12DF6CC1B007D80CB /* Resources */ = {
			isa = PBXResourcesBuildPhase;
			buildActionMask = 2147483647;
			files = (
				08DB741C2DF8296F007D80CB /* Assets.xcassets in Resources */,
			);
			runOnlyForDeploymentPostprocessing = 0;
		};
/* End PBXResourcesBuildPhase section */

/* Begin PBXSourcesBuildPhase section */
		08DB73BF2DF6CC1B007D80CB /* Sources */ = {
			isa = PBXSourcesBuildPhase;
			buildActionMask = 2147483647;
			files = (
				7ECC3FA02E65CF8D0014E97E /* AnimationSystem.swift in Sources */,
				7ECC40232E66D8150014E97E /* Main.swift in Sources */,
				7ECC400A2E6628E90014E97E /* NewsDetailView.swift in Sources */,
				7ECC40162E6628E90014E97E /* QRScannerMainView.swift in Sources */,
				7ECC3FA12E65CF8D0014E97E /* AppConfig.swift in Sources */,
				7ECC3FA22E65CF8D0014E97E /* DemoDataLoader.swift in Sources */,
				7ECC40112E6628E90014E97E /* CatalogView.swift in Sources */,
				7ECC400E2E6628E90014E97E /* AdminManagementViews.swift in Sources */,
				7ECC3FA32E65CF8D0014E97E /* DesignSystem.swift in Sources */,
				7ED1439F2E6740F1003BE287 /* Endpoint+Dependencies.swift in Sources */,
				7ECC400D2E6628E90014E97E /* AdminMainView.swift in Sources */,
				7ECC3FA42E65CF8D0014E97E /* Extensions.swift in Sources */,
				7ECC3FAC2E65CF8D0014E97E /* ImageCacheService.swift in Sources */,
				7ECC400C2E6628E90014E97E /* SupportViews.swift in Sources */,
				7ECC3FAD2E65CF8D0014E97E /* ToastService.swift in Sources */,
				7ECC3FAE2E65CF8D0014E97E /* HapticService.swift in Sources */,
				7ECC3FAF2E65CF8D0014E97E /* QRScannerService.swift in Sources */,
				7ECC40092E6628E90014E97E /* DesignComponents.swift in Sources */,
				7ECC40152E6628E90014E97E /* ProfileView.swift in Sources */,
				7ECC40272E66FBD80014E97E /* MainView.swift in Sources */,
				7ECC3FB02E65CF8D0014E97E /* NotificationService.swift in Sources */,
				7E5E88612E6707D000F64A0F /* UIDevice+Shake.swift in Sources */,
				7ECC3FA52E65CF8D0014E97E /* QRCodeParser.swift in Sources */,
				7ECC40172E6628E90014E97E /* AuthFlowView.swift in Sources */,
				7ECC40142E6628E90014E97E /* UserManagementView.swift in Sources */,
				7ECC3FA62E65CF8D0014E97E /* SearchManager.swift in Sources */,
				08DB741A2DF82926007D80CB /* EntryPoint.swift in Sources */,
				7ECC401A2E6628E90014E97E /* AboutView.swift in Sources */,
				7ECC40102E6628E90014E97E /* AdminSystemViews.swift in Sources */,
				7ECC400B2E6628E90014E97E /* AdminContentViews.swift in Sources */,
				7ECC400F2E6628E90014E97E /* CarTinderView.swift in Sources */,
				7ECC40192E6628E90014E97E /* LoginView.swift in Sources */,
				7ECC402F2E6700E70014E97E /* RestEndpoint.swift in Sources */,
				7ECC3F942E65CF8D0014E97E /* Product.swift in Sources */,
				7ECC3F952E65CF8D0014E97E /* OtherModels.swift in Sources */,
				7ECC3F962E65CF8D0014E97E /* Car.swift in Sources */,
				7ECC3F972E65CF8D0014E97E /* User.swift in Sources */,
				7ECC40252E66D8370014E97E /* Main+Router.swift in Sources */,
				7ECC3F982E65CF8D0014E97E /* Achievement.swift in Sources */,
				7ECC3FE02E65CF8D0014E97E /* AuthViewModel.swift in Sources */,
				7ECC40122E6628E90014E97E /* ModerationView.swift in Sources */,
				7ECC40132E6628E90014E97E /* MainTabView.swift in Sources */,
				7ECC3FE12E65CF8D0014E97E /* NetworkManager.swift in Sources */,
				7ECC3FE22E65CF8D0014E97E /* NetworkComponents.swift in Sources */,
				7ECC40182E6628E90014E97E /* StatsView.swift in Sources */,
				7ECC3FE32E65CF8D0014E97E /* CollectionState.swift in Sources */,
				7ECC3FE42E65CF8D0014E97E /* DataManager.swift in Sources */,
				7EA038FA2E7AE04A00972721 /* RestEndpoint+Raw.swift in Sources */,
				7ECC40082E6628E90014E97E /* CommonViews.swift in Sources */,
			);
			runOnlyForDeploymentPostprocessing = 0;
		};
/* End PBXSourcesBuildPhase section */

/* Begin XCBuildConfiguration section */
		08DB73E22DF6CC1D007D80CB /* Debug */ = {
			isa = XCBuildConfiguration;
			buildSettings = {
				ALWAYS_SEARCH_USER_PATHS = NO;
				ASSETCATALOG_COMPILER_GENERATE_SWIFT_ASSET_SYMBOL_EXTENSIONS = YES;
				CLANG_ANALYZER_NONNULL = YES;
				CLANG_ANALYZER_NUMBER_OBJECT_CONVERSION = YES_AGGRESSIVE;
				CLANG_CXX_LANGUAGE_STANDARD = "gnu++20";
				CLANG_ENABLE_MODULES = YES;
				CLANG_ENABLE_OBJC_ARC = YES;
				CLANG_ENABLE_OBJC_WEAK = YES;
				CLANG_WARN_BLOCK_CAPTURE_AUTORELEASING = YES;
				CLANG_WARN_BOOL_CONVERSION = YES;
				CLANG_WARN_COMMA = YES;
				CLANG_WARN_CONSTANT_CONVERSION = YES;
				CLANG_WARN_DEPRECATED_OBJC_IMPLEMENTATIONS = YES;
				CLANG_WARN_DIRECT_OBJC_ISA_USAGE = YES_ERROR;
				CLANG_WARN_DOCUMENTATION_COMMENTS = YES;
				CLANG_WARN_EMPTY_BODY = YES;
				CLANG_WARN_ENUM_CONVERSION = YES;
				CLANG_WARN_INFINITE_RECURSION = YES;
				CLANG_WARN_INT_CONVERSION = YES;
				CLANG_WARN_NON_LITERAL_NULL_CONVERSION = YES;
				CLANG_WARN_OBJC_IMPLICIT_RETAIN_SELF = YES;
				CLANG_WARN_OBJC_LITERAL_CONVERSION = YES;
				CLANG_WARN_OBJC_ROOT_CLASS = YES_ERROR;
				CLANG_WARN_QUOTED_INCLUDE_IN_FRAMEWORK_HEADER = YES;
				CLANG_WARN_RANGE_LOOP_ANALYSIS = YES;
				CLANG_WARN_STRICT_PROTOTYPES = YES;
				CLANG_WARN_SUSPICIOUS_MOVE = YES;
				CLANG_WARN_UNGUARDED_AVAILABILITY = YES_AGGRESSIVE;
				CLANG_WARN_UNREACHABLE_CODE = YES;
				CLANG_WARN__DUPLICATE_METHOD_MATCH = YES;
				COPY_PHASE_STRIP = NO;
				DEBUG_INFORMATION_FORMAT = dwarf;
				ENABLE_STRICT_OBJC_MSGSEND = YES;
				ENABLE_TESTABILITY = YES;
				ENABLE_USER_SCRIPT_SANDBOXING = YES;
				GCC_C_LANGUAGE_STANDARD = gnu17;
				GCC_DYNAMIC_NO_PIC = NO;
				GCC_NO_COMMON_BLOCKS = YES;
				GCC_OPTIMIZATION_LEVEL = 0;
				GCC_PREPROCESSOR_DEFINITIONS = (
					"DEBUG=1",
					"$(inherited)",
				);
				GCC_WARN_64_TO_32_BIT_CONVERSION = YES;
				GCC_WARN_ABOUT_RETURN_TYPE = YES_ERROR;
				GCC_WARN_UNDECLARED_SELECTOR = YES;
				GCC_WARN_UNINITIALIZED_AUTOS = YES_AGGRESSIVE;
				GCC_WARN_UNUSED_FUNCTION = YES;
				GCC_WARN_UNUSED_VARIABLE = YES;
				IPHONEOS_DEPLOYMENT_TARGET = 18.5;
				LOCALIZATION_PREFERS_STRING_CATALOGS = YES;
				MTL_ENABLE_DEBUG_INFO = INCLUDE_SOURCE;
				MTL_FAST_MATH = YES;
				ONLY_ACTIVE_ARCH = YES;
				SDKROOT = iphoneos;
				SWIFT_ACTIVE_COMPILATION_CONDITIONS = "DEBUG $(inherited)";
				SWIFT_OPTIMIZATION_LEVEL = "-Onone";
			};
			name = Debug;
		};
		08DB73E32DF6CC1D007D80CB /* Release */ = {
			isa = XCBuildConfiguration;
			buildSettings = {
				ALWAYS_SEARCH_USER_PATHS = NO;
				ASSETCATALOG_COMPILER_GENERATE_SWIFT_ASSET_SYMBOL_EXTENSIONS = YES;
				CLANG_ANALYZER_NONNULL = YES;
				CLANG_ANALYZER_NUMBER_OBJECT_CONVERSION = YES_AGGRESSIVE;
				CLANG_CXX_LANGUAGE_STANDARD = "gnu++20";
				CLANG_ENABLE_MODULES = YES;
				CLANG_ENABLE_OBJC_ARC = YES;
				CLANG_ENABLE_OBJC_WEAK = YES;
				CLANG_WARN_BLOCK_CAPTURE_AUTORELEASING = YES;
				CLANG_WARN_BOOL_CONVERSION = YES;
				CLANG_WARN_COMMA = YES;
				CLANG_WARN_CONSTANT_CONVERSION = YES;
				CLANG_WARN_DEPRECATED_OBJC_IMPLEMENTATIONS = YES;
				CLANG_WARN_DIRECT_OBJC_ISA_USAGE = YES_ERROR;
				CLANG_WARN_DOCUMENTATION_COMMENTS = YES;
				CLANG_WARN_EMPTY_BODY = YES;
				CLANG_WARN_ENUM_CONVERSION = YES;
				CLANG_WARN_INFINITE_RECURSION = YES;
				CLANG_WARN_INT_CONVERSION = YES;
				CLANG_WARN_NON_LITERAL_NULL_CONVERSION = YES;
				CLANG_WARN_OBJC_IMPLICIT_RETAIN_SELF = YES;
				CLANG_WARN_OBJC_LITERAL_CONVERSION = YES;
				CLANG_WARN_OBJC_ROOT_CLASS = YES_ERROR;
				CLANG_WARN_QUOTED_INCLUDE_IN_FRAMEWORK_HEADER = YES;
				CLANG_WARN_RANGE_LOOP_ANALYSIS = YES;
				CLANG_WARN_STRICT_PROTOTYPES = YES;
				CLANG_WARN_SUSPICIOUS_MOVE = YES;
				CLANG_WARN_UNGUARDED_AVAILABILITY = YES_AGGRESSIVE;
				CLANG_WARN_UNREACHABLE_CODE = YES;
				CLANG_WARN__DUPLICATE_METHOD_MATCH = YES;
				COPY_PHASE_STRIP = NO;
				DEBUG_INFORMATION_FORMAT = "dwarf-with-dsym";
				ENABLE_NS_ASSERTIONS = NO;
				ENABLE_STRICT_OBJC_MSGSEND = YES;
				ENABLE_USER_SCRIPT_SANDBOXING = YES;
				GCC_C_LANGUAGE_STANDARD = gnu17;
				GCC_NO_COMMON_BLOCKS = YES;
				GCC_WARN_64_TO_32_BIT_CONVERSION = YES;
				GCC_WARN_ABOUT_RETURN_TYPE = YES_ERROR;
				GCC_WARN_UNDECLARED_SELECTOR = YES;
				GCC_WARN_UNINITIALIZED_AUTOS = YES_AGGRESSIVE;
				GCC_WARN_UNUSED_FUNCTION = YES;
				GCC_WARN_UNUSED_VARIABLE = YES;
				IPHONEOS_DEPLOYMENT_TARGET = 18.5;
				LOCALIZATION_PREFERS_STRING_CATALOGS = YES;
				MTL_ENABLE_DEBUG_INFO = NO;
				MTL_FAST_MATH = YES;
				SDKROOT = iphoneos;
				SWIFT_COMPILATION_MODE = wholemodule;
				VALIDATE_PRODUCT = YES;
			};
			name = Release;
		};
		08DB73E52DF6CC1D007D80CB /* Debug */ = {
			isa = XCBuildConfiguration;
			buildSettings = {
				ASSETCATALOG_COMPILER_APPICON_NAME = AppIcon;
				ASSETCATALOG_COMPILER_GLOBAL_ACCENT_COLOR_NAME = AccentColor;
				CODE_SIGN_IDENTITY = "Apple Development";
				CODE_SIGN_STYLE = Manual;
				CURRENT_PROJECT_VERSION = 1;
				DEVELOPMENT_TEAM = "";
				ENABLE_PREVIEWS = YES;
				GENERATE_INFOPLIST_FILE = YES;
				INFOPLIST_KEY_CFBundleDisplayName = NSP;
				INFOPLIST_KEY_NSCameraUsageDescription = "Приложение использует камеру для сканирования QR-кодов на упаковках автозапчастей. Это позволяет получать баллы в программе лояльности за покупки";
				INFOPLIST_KEY_NSPhotoLibraryUsageDescription = "Приложение может получить доступ к галерее для загрузки изображений в профиль пользователя или при создании обращений в поддержку";
				INFOPLIST_KEY_UIApplicationSceneManifest_Generation = YES;
				INFOPLIST_KEY_UIApplicationSupportsIndirectInputEvents = YES;
				INFOPLIST_KEY_UILaunchScreen_Generation = YES;
				INFOPLIST_KEY_UISupportedInterfaceOrientations_iPad = "UIInterfaceOrientationPortrait UIInterfaceOrientationPortraitUpsideDown UIInterfaceOrientationLandscapeLeft UIInterfaceOrientationLandscapeRight";
				INFOPLIST_KEY_UISupportedInterfaceOrientations_iPhone = "UIInterfaceOrientationPortrait UIInterfaceOrientationLandscapeLeft UIInterfaceOrientationLandscapeRight";
				IPHONEOS_DEPLOYMENT_TARGET = 18.0;
				LD_RUNPATH_SEARCH_PATHS = (
					"$(inherited)",
					"@executable_path/Frameworks",
				);
				MARKETING_VERSION = 1.0;
				PRODUCT_BUNDLE_IDENTIFIER = prototype.hidden;
				PRODUCT_NAME = "$(TARGET_NAME)";
				PROVISIONING_PROFILE_SPECIFIER = "";
				SWIFT_EMIT_LOC_STRINGS = YES;
				SWIFT_VERSION = 5.0;
				TARGETED_DEVICE_FAMILY = "1,2";
			};
			name = Debug;
		};
		08DB73E62DF6CC1D007D80CB /* Release */ = {
			isa = XCBuildConfiguration;
			buildSettings = {
				ASSETCATALOG_COMPILER_APPICON_NAME = AppIcon;
				ASSETCATALOG_COMPILER_GLOBAL_ACCENT_COLOR_NAME = AccentColor;
				CODE_SIGN_IDENTITY = "Apple Development";
				CODE_SIGN_STYLE = Manual;
				CURRENT_PROJECT_VERSION = 1;
				DEVELOPMENT_TEAM = "";
				ENABLE_PREVIEWS = YES;
				GENERATE_INFOPLIST_FILE = YES;
				INFOPLIST_KEY_CFBundleDisplayName = NSP;
				INFOPLIST_KEY_NSCameraUsageDescription = "Приложение использует камеру для сканирования QR-кодов на упаковках автозапчастей. Это позволяет получать баллы в программе лояльности за покупки";
				INFOPLIST_KEY_NSPhotoLibraryUsageDescription = "Приложение может получить доступ к галерее для загрузки изображений в профиль пользователя или при создании обращений в поддержку";
				INFOPLIST_KEY_UIApplicationSceneManifest_Generation = YES;
				INFOPLIST_KEY_UIApplicationSupportsIndirectInputEvents = YES;
				INFOPLIST_KEY_UILaunchScreen_Generation = YES;
				INFOPLIST_KEY_UISupportedInterfaceOrientations_iPad = "UIInterfaceOrientationPortrait UIInterfaceOrientationPortraitUpsideDown UIInterfaceOrientationLandscapeLeft UIInterfaceOrientationLandscapeRight";
				INFOPLIST_KEY_UISupportedInterfaceOrientations_iPhone = "UIInterfaceOrientationPortrait UIInterfaceOrientationLandscapeLeft UIInterfaceOrientationLandscapeRight";
				IPHONEOS_DEPLOYMENT_TARGET = 18.0;
				LD_RUNPATH_SEARCH_PATHS = (
					"$(inherited)",
					"@executable_path/Frameworks",
				);
				MARKETING_VERSION = 1.0;
				PRODUCT_BUNDLE_IDENTIFIER = prototype.hidden;
				PRODUCT_NAME = "$(TARGET_NAME)";
				PROVISIONING_PROFILE_SPECIFIER = "";
				SWIFT_EMIT_LOC_STRINGS = YES;
				SWIFT_VERSION = 5.0;
				TARGETED_DEVICE_FAMILY = "1,2";
			};
			name = Release;
		};
/* End XCBuildConfiguration section */

/* Begin XCConfigurationList section */
		08DB73BE2DF6CC1B007D80CB /* Build configuration list for PBXProject "NSP" */ = {
			isa = XCConfigurationList;
			buildConfigurations = (
				08DB73E22DF6CC1D007D80CB /* Debug */,
				08DB73E32DF6CC1D007D80CB /* Release */,
			);
			defaultConfigurationIsVisible = 0;
			defaultConfigurationName = Release;
		};
		08DB73E42DF6CC1D007D80CB /* Build configuration list for PBXNativeTarget "Application" */ = {
			isa = XCConfigurationList;
			buildConfigurations = (
				08DB73E52DF6CC1D007D80CB /* Debug */,
				08DB73E62DF6CC1D007D80CB /* Release */,
			);
			defaultConfigurationIsVisible = 0;
			defaultConfigurationName = Release;
		};
/* End XCConfigurationList section */

/* Begin XCLocalSwiftPackageReference section */
		7ECC3FE82E66280A0014E97E /* XCLocalSwiftPackageReference "Packages/swift-endpoint" */ = {
			isa = XCLocalSwiftPackageReference;
			relativePath = "Packages/swift-endpoint";
		};
		7ECC3FED2E6628260014E97E /* XCLocalSwiftPackageReference "Packages/swift-components" */ = {
			isa = XCLocalSwiftPackageReference;
			relativePath = "Packages/swift-components";
		};
/* End XCLocalSwiftPackageReference section */

/* Begin XCRemoteSwiftPackageReference section */
		7EA038F22E7AD0FB00972721 /* XCRemoteSwiftPackageReference "swift-dependencies" */ = {
			isa = XCRemoteSwiftPackageReference;
			repositoryURL = "https://github.com/pointfreeco/swift-dependencies.git";
			requirement = {
				kind = upToNextMajorVersion;
				minimumVersion = 1.9.4;
			};
		};
/* End XCRemoteSwiftPackageReference section */

/* Begin XCSwiftPackageProductDependency section */
		7EA038F32E7AD0FB00972721 /* Dependencies */ = {
			isa = XCSwiftPackageProductDependency;
			package = 7EA038F22E7AD0FB00972721 /* XCRemoteSwiftPackageReference "swift-dependencies" */;
			productName = Dependencies;
		};
		7EA038F52E7AD0FB00972721 /* DependenciesMacros */ = {
			isa = XCSwiftPackageProductDependency;
			package = 7EA038F22E7AD0FB00972721 /* XCRemoteSwiftPackageReference "swift-dependencies" */;
			productName = DependenciesMacros;
		};
		7EA038F72E7AD0FB00972721 /* DependenciesTestSupport */ = {
			isa = XCSwiftPackageProductDependency;
			package = 7EA038F22E7AD0FB00972721 /* XCRemoteSwiftPackageReference "swift-dependencies" */;
			productName = DependenciesTestSupport;
		};
		7ECC3FE92E66280A0014E97E /* Endpoint */ = {
			isa = XCSwiftPackageProductDependency;
			productName = Endpoint;
		};
		7ECC3FEB2E66280A0014E97E /* EndpointUI */ = {
			isa = XCSwiftPackageProductDependency;
			productName = EndpointUI;
		};
		7ECC3FEE2E6628260014E97E /* SwiftUIComponents */ = {
			isa = XCSwiftPackageProductDependency;
			productName = SwiftUIComponents;
		};
/* End XCSwiftPackageProductDependency section */
	};
	rootObject = 08DB73BB2DF6CC1B007D80CB /* Project object */;
}
